
Microsoft Visual Studio Solution File, Format Version 11.00
# Visual Studio 2010
Project("{FAE04EC0-301F-11D3-BF4B-00C04F79EFBC}") = "GitTest", "GitTest\GitTest\GitTest.csproj", "{B09C5DAD-DB69-46A5-AD8D-CEAB468BB0B8}"
EndProject
Project("{96E2B04D-8817-42C6-938A-82C39BA4D311}") = "GitTestContent", "GitTest\GitTestContent\GitTestContent.contentproj", "{5D331FC0-D426-4EFA-9870-2C1011357152}"
EndProject
Global
	GlobalSection(SolutionConfigurationPlatforms) = preSolution
		Debug|x86 = Debug|x86
		Release|x86 = Release|x86
	EndGlobalSection
	GlobalSection(ProjectConfigurationPlatforms) = postSolution
		{B09C5DAD-DB69-46A5-AD8D-CEAB468BB0B8}.Debug|x86.ActiveCfg = Debug|x86
		{B09C5DAD-DB69-46A5-AD8D-CEAB468BB0B8}.Debug|x86.Build.0 = Debug|x86
		{B09C5DAD-DB69-46A5-AD8D-CEAB468BB0B8}.Release|x86.ActiveCfg = Release|x86
		{B09C5DAD-DB69-46A5-AD8D-CEAB468BB0B8}.Release|x86.Build.0 = Release|x86
		{5D331FC0-D426-4EFA-9870-2C1011357152}.Debug|x86.ActiveCfg = Debug|x86
		{5D331FC0-D426-4EFA-9870-2C1011357152}.Release|x86.ActiveCfg = Release|x86
	EndGlobalSection
	GlobalSection(SolutionProperties) = preSolution
		HideSolutionNode = FALSE
	EndGlobalSection
EndGlobal
